uuid: 9dc934a6-9bf0-4d49-a438-7472038479bf
langcode: en
status: true
dependencies:
  module:
    - gpsearch
  theme:
    - gpw
id: headersearchblock
theme: gpw
region: highlighted
weight: -15
provider: null
plugin: header_search_block
settings:
  id: header_search_block
  label: 'Header Search Block'
  provider: gpsearch
  label_display: '0'
visibility: {  }
